
Microsoft Visual Studio Solution File, Format Version 12.00
# Visual Studio Version 17
VisualStudioVersion = 17.14.36408.4
MinimumVisualStudioVersion = 10.0.40219.1
Project("{FAE04EC0-301F-11D3-BF4B-00C04F79EFBC}") = "BasarStajAppp", "BasarStajAppp\BasarStajAppp.csproj", "{19FF25F5-E9ED-4796-AAEF-0F7A625EC2E8}"
EndProject
Global
	GlobalSection(SolutionConfigurationPlatforms) = preSolution
		Debug|Any CPU = Debug|Any CPU
		Release|Any CPU = Release|Any CPU
	EndGlobalSection
	GlobalSection(ProjectConfigurationPlatforms) = postSolution
		{19FF25F5-E9ED-4796-AAEF-0F7A625EC2E8}.Debug|Any CPU.ActiveCfg = Debug|Any CPU
		{19FF25F5-E9ED-4796-AAEF-0F7A625EC2E8}.Debug|Any CPU.Build.0 = Debug|Any CPU
		{19FF25F5-E9ED-4796-AAEF-0F7A625EC2E8}.Release|Any CPU.ActiveCfg = Release|Any CPU
		{19FF25F5-E9ED-4796-AAEF-0F7A625EC2E8}.Release|Any CPU.Build.0 = Release|Any CPU
	EndGlobalSection
	GlobalSection(SolutionProperties) = preSolution
		HideSolutionNode = FALSE
	EndGlobalSection
	GlobalSection(ExtensibilityGlobals) = postSolution
		SolutionGuid = {7A95C879-9F43-43F3-BB87-36C3DB99E2F2}
	EndGlobalSection
EndGlobal
